# This file is automatically generated by Cargo.
# It is not intended for manual editing.
version = 3

[[package]]
name = "anchor-attribute-access-control"
version = "0.30.1"
source = "registry+https://github.com/rust-lang/crates.io-index"
checksum = "c79ff57934440cf6b69dbcb04499156ff773b185f4007bbfbf969cbb7a1dfa29"
dependencies = [
 "proc-macro2",
 "quote",
 "syn",
]

[[package]]
name = "anchor-attribute-account"
version = "0.30.1"
source = "registry+https://github.com/rust-lang/crates.io-index"
checksum = "19a27bb127c5f87b8f041ffce45f7cba7bc12df60517700cf9d2f664a3952ba5"
dependencies = [
 "proc-macro2",
 "quote",
 "syn",
]

[[package]]
name = "anchor-attribute-constant"
version = "0.30.1"
source = "registry+https://github.com/rust-lang/crates.io-index"
checksum = "2fdf5ef4ee489ebcbf5233ea219ba339ae78c02bfb8d0e704602fba7d044f535"
dependencies = [
 "proc-macro2",
 "quote",
 "syn",
]

[[package]]
name = "anchor-attribute-error"
version = "0.30.1"
source = "registry+https://github.com/rust-lang/crates.io-index"
checksum = "f0525d88698bf4ca86629910d9319e75529452bca7e8e5d2eaefb3a2a9013df8"
dependencies = [
 "proc-macro2",
 "quote",
 "syn",
]

[[package]]
name = "anchor-attribute-event"
version = "0.30.1"
source = "registry+https://github.com/rust-lang/crates.io-index"
checksum = "0f27464cecbef1e6c43499480f2d48c8eefd254593f41dcffcc7653664746654"
dependencies = [
 "proc-macro2",
 "quote",
 "syn",
]

[[package]]
name = "anchor-attribute-program"
version = "0.30.1"
source = "registry+https://github.com/rust-lang/crates.io-index"
checksum = "7e0344d5c065fca28da747d7c6778f2e22c9e782d49931b6bbf2ca5bb4eec49e"
dependencies = [
 "proc-macro2",
 "quote",
 "syn",
]

[[package]]
name = "anchor-derive-accounts"
version = "0.30.1"
source = "registry+https://github.com/rust-lang/crates.io-index"
checksum = "523821017efad8dcb6ecdc1f760f38fe1cb34d805096a5f7ce3aeb18d6a8cb8d"
dependencies = [
 "proc-macro2",
 "quote",
 "syn",
]

[[package]]
name = "anchor-derive-serde"
version = "0.30.1"
source = "registry+https://github.com/rust-lang/crates.io-index"
checksum = "da1fa8ba10ee76b5db7fbb978d30e527fa83b34bdf00fdfbbf07198a287a9985"
dependencies = [
 "proc-macro2",
 "quote",
 "syn",
]

[[package]]
name = "anchor-derive-space"
version = "0.30.1"
source = "registry+https://github.com/rust-lang/crates.io-index"
checksum = "a7e1f13fa1be546ea47d96aee05fcf549bb41097fa673beab1cf11e4d0d0eb30"
dependencies = [
 "proc-macro2",
 "quote",
 "syn",
]

[[package]]
name = "anchor-lang"
version = "0.30.1"
source = "registry+https://github.com/rust-lang/crates.io-index"
checksum = "55fb12b598b0a94b5952d4310d7dfc949704ae71bf2c6aa58882ca1be46249a5"
dependencies = [
 "anchor-attribute-access-control",
 "anchor-attribute-account",
 "anchor-attribute-constant",
 "anchor-attribute-error",
 "anchor-attribute-event",
 "anchor-attribute-program",
 "anchor-derive-accounts",
 "anchor-derive-serde",
 "anchor-derive-space",
 "base64",
 "bincode",
 "borsh",
 "bytemuck",
 "solana-program",
 "thiserror",
]

[[package]]
name = "anchor-spl"
version = "0.30.1"
source = "registry+https://github.com/rust-lang/crates.io-index"
checksum = "944a99fc62cb1796d1152a5da5e656d0590a5015b6306e6bfd05ff4c3da11233"
dependencies = [
 "anchor-lang",
 "solana-program",
 "spl-associated-token-account",
 "spl-token",
 "spl-token-2022",
]

[[package]]
name = "anchor_security_program"
version = "0.1.0"
dependencies = [
 "anchor-lang",
 "anchor-spl",
 "anyhow",
 "chacha20",
 "rustls-pemfile",
 "solana-program",
 "solana-program-test",
 "solana-sdk",
 "spin",
 "thiserror",
]

[[package]]
name = "anyhow"
version = "1.0.95"
source = "registry+https://github.com/rust-lang/crates.io-index"
checksum = "34acac824744343ea0493e563917823895acda2edffedd49e802cb12147a2a07"

[[package]]
name = "base64"
version = "0.21.7"
source = "registry+https://github.com/rust-lang/crates.io-index"
checksum = "9d297deb1925b89f2ccc13d7635fa0714f12c87adce1c75356b39ca9b7178567"

[[package]]
name = "bincode"
version = "1.3.3"
source = "registry+https://github.com/rust-lang/crates.io-index"
checksum = "b1f45e9417d87227c7a56d22e471c6206462cba514c7590c09aff4cf6d1daaca"
dependencies = [
 "serde",
]

[[package]]
name = "borsh"
version = "0.10.3"
source = "registry+https://github.com/rust-lang/crates.io-index"
checksum = "4114279215e004b2431aab50f8c31b4ee57505433bf35c7d569972888c7ce338"
dependencies = [
 "borsh-derive",
]

[[package]]
name = "borsh-derive"
version = "0.10.3"
source = "registry+https://github.com/rust-lang/crates.io-index"
checksum = "075dae086f0e9252c70d95b1641b65b6ec613a96cd865506a73a628854c60ee1"
dependencies = [
 "borsh-derive-internal",
 "borsh-schema-derive-internal",
 "proc-macro-crate",
 "proc-macro2",
 "syn",
]

[[package]]
name = "borsh-derive-internal"
version = "0.10.3"
source = "registry+https://github.com/rust-lang/crates.io-index"
checksum = "0f20958ea36a0f4a7cfa3748259ae65c40bc9ae1a011246194411132646d5c58"
dependencies = [
 "proc-macro2",
 "quote",
 "syn",
]

[[package]]
name = "borsh-schema-derive-internal"
version = "0.10.3"
source = "registry+https://github.com/rust-lang/crates.io-index"
checksum = "e8aa5fa0b40eb9385078a63273ee0a1e3b2e7960fa2330da360a8b9821614eb1"
dependencies = [
 "proc-macro2",
 "quote",
 "syn",
]

[[package]]
name = "bytemuck"
version = "1.18.0"
source = "registry+https://github.com/rust-lang/crates.io-index"
checksum = "94bbb0ac554ad9c77c81f42d261a8f935bf29270477179ed7fb77fa4b18feedb"
dependencies = [
 "bytemuck_derive",
]

[[package]]
name = "bytemuck_derive"
version = "1.7.1"
source = "registry+https://github.com/rust-lang/crates.io-index"
checksum = "0c89d8def91f69bb9b42c30ae020372502707c2e14e0f74f3913d2565353343c"
dependencies = [
 "proc-macro2",
 "quote",
 "syn",
]

[[package]]
name = "cfg-if"
version = "1.0.0"
source = "registry+https://github.com/rust-lang/crates.io-index"
checksum = "baf1de4339761588bc0619e3cbc0120ee582ebb74b53b4efbf79117bd2da40fd"

[[package]]
name = "chacha20"
version = "0.9.1"
source = "registry+https://github.com/rust-lang/crates.io-index"
checksum = "c32d37715443cc4b3588ac8e7f3947474b4d861a785da336ec73271a3785e17c"
dependencies = [
 "cfg-if",
 "cipher",
 "cpufeatures",
]

[[package]]
name = "cipher"
version = "0.4.4"
source = "registry+https://github.com/rust-lang/crates.io-index"
checksum = "773f3b9af64447d2ce9850330c47351501ef4608c02888cf379a527c75b8e994"

[[package]]
name = "cpufeatures"
version = "0.2.14"
source = "registry+https://github.com/rust-lang/crates.io-index"
checksum = "608697df725056feaccfa42cffdaeeec3fccc4ffc38358ecd19b243e716a78e0"

[[package]]
name = "proc-macro-crate"
version = "0.1.5"
source = "registry+https://github.com/rust-lang/crates.io-index"
checksum = "1d6ea5c9fb38b838ed6e437a97bb5fbc05e4ab49fe8eba549e3cb3cc29532551"
dependencies = [
 "toml",
]

[[package]]
name = "proc-macro2"
version = "1.0.86"
source = "registry+https://github.com/rust-lang/crates.io-index"
checksum = "5e719e8df665df0d1c8fbfd238015744736151d4445ec0836b8e628aae103b77"
dependencies = [
 "unicode-ident",
]

[[package]]
name = "quote"
version = "1.0.37"
source = "registry+https://github.com/rust-lang/crates.io-index"
checksum = "b5b9d34b8991d19d98081b46eacdd8eb58c6f2b201139f7c5f643cc155a633af"
dependencies = [
 "proc-macro2",
]

[[package]]
name = "rustls-pemfile"
version = "2.2.0"
source = "registry+https://github.com/rust-lang/crates.io-index"
checksum = "d331a52863bc7004521ce65114c15096520e83f31716f64906795232ae742780"

[[package]]
name = "serde"
version = "1.0.210"
source = "registry+https://github.com/rust-lang/crates.io-index"
checksum = "c8e3592472072e6e22e0a54d5904d9febf8508f65fb8552499a1abc7d1078c3a"
dependencies = [
 "serde_derive",
]

[[package]]
name = "serde_derive"
version = "1.0.210"
source = "registry+https://github.com/rust-lang/crates.io-index"
checksum = "243902eda00fad750862fc144cea25caca5e20d615af0a81bee94ca738f1df1f"
dependencies = [
 "proc-macro2",
 "quote",
 "syn",
]

[[package]]
name = "solana-frozen-abi"
version = "1.18.26"
source = "registry+https://github.com/rust-lang/crates.io-index"
checksum = "bc5aa83344b54e7d1b3c9bf841ea13e2f4ea6c3b6d27453d7f4be4702951b1f2"
dependencies = [
 "bincode",
 "borsh",
 "serde",
]

[[package]]
name = "solana-frozen-abi-macro"
version = "1.18.26"
source = "registry+https://github.com/rust-lang/crates.io-index"
checksum = "945199859fdfbfa0be9daafb47424ad4f61f74b419b4b074418f78aa0a41785f"
dependencies = [
 "proc-macro2",
 "quote",
 "syn",
]

[[package]]
name = "solana-program"
version = "1.18.26"
source = "registry+https://github.com/rust-lang/crates.io-index"
checksum = "c73f3246eb7678f5a621424b94f1fcbdfa069df8bca9a3e20e6f6a7bb4ff33a1"
dependencies = [
 "bincode",
 "borsh",
 "bytemuck",
 "solana-frozen-abi",
 "solana-frozen-abi-macro",
 "thiserror",
]

[[package]]
name = "solana-program-test"
version = "1.18.26"
source = "registry+https://github.com/rust-lang/crates.io-index"
checksum = "a60395c809181163e5e4fa4414eb16eb2261ca6193ff432c668ec947dfb48a07"
dependencies = [
 "solana-program",
 "solana-sdk",
]

[[package]]
name = "solana-sdk"
version = "1.18.26"
source = "registry+https://github.com/rust-lang/crates.io-index"
checksum = "1c1f54be65e2ca7d7575dfba918155bb3a2082729a28b030438cf38c4146a782"
dependencies = [
 "bincode",
 "borsh",
 "solana-program",
]

[[package]]
name = "solana-sandbox-counter"
version = "0.1.0"
dependencies = [
 "anchor-lang",
 "anchor-spl",
 "anyhow",
 "chacha20",
 "rustls-pemfile",
 "solana-program",
 "spin",
 "thiserror",
]

[[package]]
name = "spin"
version = "0.9.8"
source = "registry+https://github.com/rust-lang/crates.io-index"
checksum = "6980e8d7511241f8acf4aebddbb1ff938df5eebe98691418c4468d0b72a96a67"

[[package]]
name = "spl-associated-token-account"
version = "2.3.0"
source = "registry+https://github.com/rust-lang/crates.io-index"
checksum = "0ff5f58c70f6cf8d438c8dfd8e7c1f8d4e9c7ea1b582845cba897364aa5ecad7"
dependencies = [
 "solana-program",
 "spl-token",
]

[[package]]
name = "spl-token"
version = "4.0.0"
source = "registry+https://github.com/rust-lang/crates.io-index"
checksum = "bbf07a16ae13d8032bbde80b15cf4f4b14e9f7833083dbca4c5409a47318ff5e"
dependencies = [
 "solana-program",
]

[[package]]
name = "spl-token-2022"
version = "0.13.0"
source = "registry+https://github.com/rust-lang/crates.io-index"
checksum = "0a56f5cfa488429ec586fbd74ef5c074dfdca85b3bc91da051ae0e78f9919f20"
dependencies = [
 "solana-program",
 "spl-token",
]

[[package]]
name = "syn"
version = "2.0.77"
source = "registry+https://github.com/rust-lang/crates.io-index"
checksum = "9f35baca61bbe8d535e9fad5ab01a78616c0c8223a3f766ce9ec0c3bc6379cae"
dependencies = [
 "proc-macro2",
 "quote",
 "unicode-ident",
]

[[package]]
name = "thiserror"
version = "1.0.64"
source = "registry+https://github.com/rust-lang/crates.io-index"
checksum = "d50af8abc119fb8bb6dbabcfa89656f46f84aa0ac7688088608076ad2b459a84"
dependencies = [
 "thiserror-impl",
]

[[package]]
name = "thiserror-impl"
version = "1.0.64"
source = "registry+https://github.com/rust-lang/crates.io-index"
checksum = "0876240dc3cfa7c4c330dd54674dc3387948b965c65f6d8996bed7d021f10502"
dependencies = [
 "proc-macro2",
 "quote",
 "syn",
]

[[package]]
name = "toml"
version = "0.5.11"
source = "registry+https://github.com/rust-lang/crates.io-index"
checksum = "f4f7f0dd8d50a853a531c426359045b1998f04219d88799810762cd4ad314234"
dependencies = [
 "serde",
]

[[package]]
name = "unicode-ident"
version = "1.0.13"
source = "registry+https://github.com/rust-lang/crates.io-index"
checksum = "e91b56cd4cadaeb79bbf1a5645f6b4f8dc5bde88349f7266fe495a4ba64d738f"
